{
  "version": 4,
  "terraform_version": "1.5.4",
  "serial": 3,
  "lineage": "44af16f1-fac0-af41-3570-79ad0dcc9278",
  "outputs": {},
  "resources": [
    {
      "mode": "managed",
      "type": "consul_keys",
      "name": "app",
      "provider": "provider[\"registry.terraform.io/hashicorp/consul\"]",
      "instances": [
        {
          "schema_version": 1,
          "attributes": {
            "datacenter": "dc1",
            "id": "consul",
            "key": [
              {
                "default": "",
                "delete": false,
                "flags": 0,
                "name": "",
                "path": "example2/key1",
                "value": "value1"
              },
              {
                "default": "",
                "delete": false,
                "flags": 0,
                "name": "",
                "path": "example2/key2",
                "value": "value1"
              },
              {
                "default": "",
                "delete": false,
                "flags": 0,
                "name": "",
                "path": "example2/key3",
                "value": "value1"
              }
            ],
            "namespace": null,
            "partition": null,
            "token": null,
            "var": {}
          },
          "sensitive_attributes": [],
          "private": "eyJzY2hlbWFfdmVyc2lvbiI6IjEifQ=="
        }
      ]
    }
  ],
  "check_results": null
}
